
Microsoft Visual Studio Solution File, Format Version 12.00
# Visual Studio Version 17
VisualStudioVersion = 17.11.35312.102
MinimumVisualStudioVersion = 10.0.40219.1
Project("{FAE04EC0-301F-11D3-BF4B-00C04F79EFBC}") = "PromoWeb", "PromoWeb\PromoWeb.csproj", "{1A743CA8-B408-44B4-A375-3CC8460FF24B}"
EndProject
Project("{FAE04EC0-301F-11D3-BF4B-00C04F79EFBC}") = "dominio", "dominio\dominio.csproj", "{4A1327E6-8821-4409-8ED6-8D693E4AF6EA}"
EndProject
Project("{FAE04EC0-301F-11D3-BF4B-00C04F79EFBC}") = "negocio", "negocio\negocio.csproj", "{F0CC4A5D-78C4-4099-AB49-63B13E5DEE5A}"
EndProject
Global
	GlobalSection(SolutionConfigurationPlatforms) = preSolution
		Debug|Any CPU = Debug|Any CPU
		Release|Any CPU = Release|Any CPU
	EndGlobalSection
	GlobalSection(ProjectConfigurationPlatforms) = postSolution
		{1A743CA8-B408-44B4-A375-3CC8460FF24B}.Debug|Any CPU.ActiveCfg = Debug|Any CPU
		{1A743CA8-B408-44B4-A375-3CC8460FF24B}.Debug|Any CPU.Build.0 = Debug|Any CPU
		{1A743CA8-B408-44B4-A375-3CC8460FF24B}.Release|Any CPU.ActiveCfg = Release|Any CPU
		{1A743CA8-B408-44B4-A375-3CC8460FF24B}.Release|Any CPU.Build.0 = Release|Any CPU
		{4A1327E6-8821-4409-8ED6-8D693E4AF6EA}.Debug|Any CPU.ActiveCfg = Debug|Any CPU
		{4A1327E6-8821-4409-8ED6-8D693E4AF6EA}.Debug|Any CPU.Build.0 = Debug|Any CPU
		{4A1327E6-8821-4409-8ED6-8D693E4AF6EA}.Release|Any CPU.ActiveCfg = Release|Any CPU
		{4A1327E6-8821-4409-8ED6-8D693E4AF6EA}.Release|Any CPU.Build.0 = Release|Any CPU
		{F0CC4A5D-78C4-4099-AB49-63B13E5DEE5A}.Debug|Any CPU.ActiveCfg = Debug|Any CPU
		{F0CC4A5D-78C4-4099-AB49-63B13E5DEE5A}.Debug|Any CPU.Build.0 = Debug|Any CPU
		{F0CC4A5D-78C4-4099-AB49-63B13E5DEE5A}.Release|Any CPU.ActiveCfg = Release|Any CPU
		{F0CC4A5D-78C4-4099-AB49-63B13E5DEE5A}.Release|Any CPU.Build.0 = Release|Any CPU
	EndGlobalSection
	GlobalSection(SolutionProperties) = preSolution
		HideSolutionNode = FALSE
	EndGlobalSection
	GlobalSection(ExtensibilityGlobals) = postSolution
		SolutionGuid = {3A8812B6-DC2E-47F4-9999-BD792D9894A4}
	EndGlobalSection
EndGlobal
